// !$*UTF8*$!
{
	archiveVersion = 1;
	classes = {
	};
	objectVersion = 46;
	objects = {

/* Begin PBXBuildFile section */
		5FAC3AA21DCF79170097569F /* Core.framework in Frameworks */ = {isa = PBXBuildFile; fileRef = 5F24ED281DBE7667005C86FE /* Core.framework */; };
		5FAC3AA31DCF79170097569F /* Core.framework in Embed Frameworks */ = {isa = PBXBuildFile; fileRef = 5F24ED281DBE7667005C86FE /* Core.framework */; settings = {ATTRIBUTES = (CodeSignOnCopy, RemoveHeadersOnCopy, ); }; };
		5FAC3AB21DCF7A040097569F /* Authenticator.swift in Sources */ = {isa = PBXBuildFile; fileRef = 5FAC3AA61DCF79F50097569F /* Authenticator.swift */; };
		5FAC3AB31DCF7A040097569F /* Authentication.swift in Sources */ = {isa = PBXBuildFile; fileRef = 5FAC3AA91DCF79F50097569F /* Authentication.swift */; };
		5FAC3AB41DCF7A040097569F /* ViewControllerGraph.swift in Sources */ = {isa = PBXBuildFile; fileRef = 5FAC3AAA1DCF79F50097569F /* ViewControllerGraph.swift */; };
		5FAC3AB51DCF7A0A0097569F /* AppDelegate.swift in Sources */ = {isa = PBXBuildFile; fileRef = 5FAC3AAC1DCF79F50097569F /* AppDelegate.swift */; };
		5FAC3AB71DCF7B470097569F /* UnclutterKit.framework in Frameworks */ = {isa = PBXBuildFile; fileRef = 5F695D3B1DBE5D9B00D71328 /* UnclutterKit.framework */; };
		5FAC3AB81DCF7B470097569F /* UnclutterKit.framework in Embed Frameworks */ = {isa = PBXBuildFile; fileRef = 5F695D3B1DBE5D9B00D71328 /* UnclutterKit.framework */; settings = {ATTRIBUTES = (CodeSignOnCopy, RemoveHeadersOnCopy, ); }; };
		5FAC3ABE1DCFBF770097569F /* Core.framework in Frameworks */ = {isa = PBXBuildFile; fileRef = 5F24ED281DBE7667005C86FE /* Core.framework */; };
		5FAC3AF11DCFC5E50097569F /* CoreTests.swift in Sources */ = {isa = PBXBuildFile; fileRef = 5FAC3AEF1DCFC5E50097569F /* CoreTests.swift */; };
		5FAC3AF91DCFD3470097569F /* HabitTests.swift in Sources */ = {isa = PBXBuildFile; fileRef = 5FAC3AF71DCFD3470097569F /* HabitTests.swift */; };
		5FDF5A981DC6058900284AB2 /* Quick.framework in CopyFiles */ = {isa = PBXBuildFile; fileRef = 5FDF5A941DC6042F00284AB2 /* Quick.framework */; settings = {ATTRIBUTES = (RemoveHeadersOnCopy, ); }; };
		5FDF5A991DC6059000284AB2 /* Nimble.framework in CopyFiles */ = {isa = PBXBuildFile; fileRef = 5FDF5A931DC6042F00284AB2 /* Nimble.framework */; settings = {ATTRIBUTES = (RemoveHeadersOnCopy, ); }; };
/* End PBXBuildFile section */

/* Begin PBXContainerItemProxy section */
		5F0201B91DA4F8FB00D5C9E7 /* PBXContainerItemProxy */ = {
			isa = PBXContainerItemProxy;
			containerPortal = 5FF016FB1D9977B4005E7212 /* Project object */;
			proxyType = 1;
			remoteGlobalIDString = 5F0201A31DA4F8FB00D5C9E7;
			remoteInfo = Habit;
		};
		5F13B4441DCF6A2A004CE38A /* PBXContainerItemProxy */ = {
			isa = PBXContainerItemProxy;
			containerPortal = 5FF016FB1D9977B4005E7212 /* Project object */;
			proxyType = 1;
			remoteGlobalIDString = 5F24ED271DBE7667005C86FE;
			remoteInfo = Habit;
		};
		5F20B86E1DCB3C6B00E302DB /* PBXContainerItemProxy */ = {
			isa = PBXContainerItemProxy;
			containerPortal = 5F695D351DBE5D9B00D71328 /* UnclutterKit.xcodeproj */;
			proxyType = 1;
			remoteGlobalIDString = 5F2A74011D38284600F795AC;
			remoteInfo = UnclutterKit;
		};
		5F24ED321DBE7667005C86FE /* PBXContainerItemProxy */ = {
			isa = PBXContainerItemProxy;
			containerPortal = 5FF016FB1D9977B4005E7212 /* Project object */;
			proxyType = 1;
			remoteGlobalIDString = 5F24ED271DBE7667005C86FE;
			remoteInfo = Habit;
		};
		5F695D3A1DBE5D9B00D71328 /* PBXContainerItemProxy */ = {
			isa = PBXContainerItemProxy;
			containerPortal = 5F695D351DBE5D9B00D71328 /* UnclutterKit.xcodeproj */;
			proxyType = 2;
			remoteGlobalIDString = 5F2A74021D38284600F795AC;
			remoteInfo = UnclutterKit;
		};
		5F695D3C1DBE5D9B00D71328 /* PBXContainerItemProxy */ = {
			isa = PBXContainerItemProxy;
			containerPortal = 5F695D351DBE5D9B00D71328 /* UnclutterKit.xcodeproj */;
			proxyType = 2;
			remoteGlobalIDString = 5F2A74111D382A4600F795AC;
			remoteInfo = UnclutterKitTests;
		};
		5FAC3AB91DCF7B470097569F /* PBXContainerItemProxy */ = {
			isa = PBXContainerItemProxy;
			containerPortal = 5F695D351DBE5D9B00D71328 /* UnclutterKit.xcodeproj */;
			proxyType = 1;
			remoteGlobalIDString = 5F2A74011D38284600F795AC;
			remoteInfo = UnclutterKit;
		};
		5FAC3AF31DCFCE080097569F /* PBXContainerItemProxy */ = {
			isa = PBXContainerItemProxy;
			containerPortal = 5FF016FB1D9977B4005E7212 /* Project object */;
			proxyType = 1;
			remoteGlobalIDString = 5F0201A31DA4F8FB00D5C9E7;
			remoteInfo = Habit;
		};
		5FB0DBDC1DBE94B100E5989B /* PBXContainerItemProxy */ = {
			isa = PBXContainerItemProxy;
			containerPortal = 5F695D351DBE5D9B00D71328 /* UnclutterKit.xcodeproj */;
			proxyType = 1;
			remoteGlobalIDString = 5F2A74011D38284600F795AC;
			remoteInfo = UnclutterKit;
		};
/* End PBXContainerItemProxy section */

/* Begin PBXCopyFilesBuildPhase section */
		5FAC3AA41DCF79170097569F /* Embed Frameworks */ = {
			isa = PBXCopyFilesBuildPhase;
			buildActionMask = 2147483647;
			dstPath = "";
			dstSubfolderSpec = 10;
			files = (
				5FAC3AB81DCF7B470097569F /* UnclutterKit.framework in Embed Frameworks */,
				5FAC3AA31DCF79170097569F /* Core.framework in Embed Frameworks */,
			);
			name = "Embed Frameworks";
			runOnlyForDeploymentPostprocessing = 0;
		};
		5FDF5A971DC6057E00284AB2 /* CopyFiles */ = {
			isa = PBXCopyFilesBuildPhase;
			buildActionMask = 2147483647;
			dstPath = "";
			dstSubfolderSpec = 10;
			files = (
				5FDF5A991DC6059000284AB2 /* Nimble.framework in CopyFiles */,
				5FDF5A981DC6058900284AB2 /* Quick.framework in CopyFiles */,
			);
			runOnlyForDeploymentPostprocessing = 0;
		};
/* End PBXCopyFilesBuildPhase section */

/* Begin PBXFileReference section */
		5F0201A41DA4F8FB00D5C9E7 /* Habit.app */ = {isa = PBXFileReference; explicitFileType = wrapper.application; includeInIndex = 0; path = Habit.app; sourceTree = BUILT_PRODUCTS_DIR; };
		5F0201B81DA4F8FB00D5C9E7 /* HabitTests.xctest */ = {isa = PBXFileReference; explicitFileType = wrapper.cfbundle; includeInIndex = 0; path = HabitTests.xctest; sourceTree = BUILT_PRODUCTS_DIR; };
		5F20B8741DCB3D7400E302DB /* CoreData.framework */ = {isa = PBXFileReference; lastKnownFileType = wrapper.framework; name = CoreData.framework; path = Platforms/iPhoneOS.platform/Developer/SDKs/iPhoneOS10.1.sdk/System/Library/Frameworks/CoreData.framework; sourceTree = DEVELOPER_DIR; };
		5F24ED281DBE7667005C86FE /* Core.framework */ = {isa = PBXFileReference; explicitFileType = wrapper.framework; includeInIndex = 0; path = Core.framework; sourceTree = BUILT_PRODUCTS_DIR; };
		5F24ED301DBE7667005C86FE /* CoreTests.xctest */ = {isa = PBXFileReference; explicitFileType = wrapper.cfbundle; includeInIndex = 0; path = CoreTests.xctest; sourceTree = BUILT_PRODUCTS_DIR; };
		5F47D4431DBFBC0000E719F7 /* ReactiveSwift.framework */ = {isa = PBXFileReference; lastKnownFileType = wrapper.framework; name = ReactiveSwift.framework; path = Carthage/Build/iOS/ReactiveSwift.framework; sourceTree = "<group>"; };
		5F47D4441DBFBC0000E719F7 /* Result.framework */ = {isa = PBXFileReference; lastKnownFileType = wrapper.framework; name = Result.framework; path = Carthage/Build/iOS/Result.framework; sourceTree = "<group>"; };
		5F47D4481DBFC90C00E719F7 /* ReactiveCocoa.framework */ = {isa = PBXFileReference; lastKnownFileType = wrapper.framework; name = ReactiveCocoa.framework; path = Carthage/Build/iOS/ReactiveCocoa.framework; sourceTree = "<group>"; };
		5F58DA671DC0980700754D30 /* Mortar.framework */ = {isa = PBXFileReference; lastKnownFileType = wrapper.framework; name = Mortar.framework; path = Carthage/Build/iOS/Mortar.framework; sourceTree = "<group>"; };
		5F65E2741DCF5E3400250ECA /* Habit-Common.xcconfig */ = {isa = PBXFileReference; lastKnownFileType = text.xcconfig; path = "Habit-Common.xcconfig"; sourceTree = "<group>"; };
		5F65E2751DCF5E3400250ECA /* Habit-Debug.xcconfig */ = {isa = PBXFileReference; lastKnownFileType = text.xcconfig; path = "Habit-Debug.xcconfig"; sourceTree = "<group>"; };
		5F65E2761DCF5E3400250ECA /* Habit-Release.xcconfig */ = {isa = PBXFileReference; lastKnownFileType = text.xcconfig; path = "Habit-Release.xcconfig"; sourceTree = "<group>"; };
		5F65E2781DCF5E3400250ECA /* .gitignore */ = {isa = PBXFileReference; lastKnownFileType = text; path = .gitignore; sourceTree = "<group>"; };
		5F65E27A1DCF5E3400250ECA /* Common.xcconfig */ = {isa = PBXFileReference; lastKnownFileType = text.xcconfig; path = Common.xcconfig; sourceTree = "<group>"; };
		5F65E27C1DCF5E3400250ECA /* Debug.xcconfig */ = {isa = PBXFileReference; lastKnownFileType = text.xcconfig; path = Debug.xcconfig; sourceTree = "<group>"; };
		5F65E27D1DCF5E3400250ECA /* Profile.xcconfig */ = {isa = PBXFileReference; lastKnownFileType = text.xcconfig; path = Profile.xcconfig; sourceTree = "<group>"; };
		5F65E27E1DCF5E3400250ECA /* Release.xcconfig */ = {isa = PBXFileReference; lastKnownFileType = text.xcconfig; path = Release.xcconfig; sourceTree = "<group>"; };
		5F65E27F1DCF5E3400250ECA /* Test.xcconfig */ = {isa = PBXFileReference; lastKnownFileType = text.xcconfig; path = Test.xcconfig; sourceTree = "<group>"; };
		5F65E2811DCF5E3400250ECA /* Application.xcconfig */ = {isa = PBXFileReference; lastKnownFileType = text.xcconfig; path = Application.xcconfig; sourceTree = "<group>"; };
		5F65E2821DCF5E3400250ECA /* Framework.xcconfig */ = {isa = PBXFileReference; lastKnownFileType = text.xcconfig; path = Framework.xcconfig; sourceTree = "<group>"; };
		5F65E2831DCF5E3400250ECA /* StaticLibrary.xcconfig */ = {isa = PBXFileReference; lastKnownFileType = text.xcconfig; path = StaticLibrary.xcconfig; sourceTree = "<group>"; };
		5F65E2851DCF5E3400250ECA /* iOS-Application.xcconfig */ = {isa = PBXFileReference; lastKnownFileType = text.xcconfig; path = "iOS-Application.xcconfig"; sourceTree = "<group>"; };
		5F65E2861DCF5E3400250ECA /* iOS-Base.xcconfig */ = {isa = PBXFileReference; lastKnownFileType = text.xcconfig; path = "iOS-Base.xcconfig"; sourceTree = "<group>"; };
		5F65E2871DCF5E3400250ECA /* iOS-Framework.xcconfig */ = {isa = PBXFileReference; lastKnownFileType = text.xcconfig; path = "iOS-Framework.xcconfig"; sourceTree = "<group>"; };
		5F65E2881DCF5E3400250ECA /* iOS-StaticLibrary.xcconfig */ = {isa = PBXFileReference; lastKnownFileType = text.xcconfig; path = "iOS-StaticLibrary.xcconfig"; sourceTree = "<group>"; };
		5F65E28A1DCF5E3400250ECA /* Mac-Application.xcconfig */ = {isa = PBXFileReference; lastKnownFileType = text.xcconfig; path = "Mac-Application.xcconfig"; sourceTree = "<group>"; };
		5F65E28B1DCF5E3400250ECA /* Mac-Base.xcconfig */ = {isa = PBXFileReference; lastKnownFileType = text.xcconfig; path = "Mac-Base.xcconfig"; sourceTree = "<group>"; };
		5F65E28C1DCF5E3400250ECA /* Mac-DynamicLibrary.xcconfig */ = {isa = PBXFileReference; lastKnownFileType = text.xcconfig; path = "Mac-DynamicLibrary.xcconfig"; sourceTree = "<group>"; };
		5F65E28D1DCF5E3400250ECA /* Mac-Framework.xcconfig */ = {isa = PBXFileReference; lastKnownFileType = text.xcconfig; path = "Mac-Framework.xcconfig"; sourceTree = "<group>"; };
		5F65E28E1DCF5E3400250ECA /* Mac-StaticLibrary.xcconfig */ = {isa = PBXFileReference; lastKnownFileType = text.xcconfig; path = "Mac-StaticLibrary.xcconfig"; sourceTree = "<group>"; };
		5F65E28F1DCF5E3400250ECA /* README.md */ = {isa = PBXFileReference; lastKnownFileType = net.daringfireball.markdown; path = README.md; sourceTree = "<group>"; };
		5F65E2911DCF5E3400250ECA /* tvOS-Application.xcconfig */ = {isa = PBXFileReference; lastKnownFileType = text.xcconfig; path = "tvOS-Application.xcconfig"; sourceTree = "<group>"; };
		5F65E2921DCF5E3400250ECA /* tvOS-Base.xcconfig */ = {isa = PBXFileReference; lastKnownFileType = text.xcconfig; path = "tvOS-Base.xcconfig"; sourceTree = "<group>"; };
		5F65E2931DCF5E3400250ECA /* tvOS-Framework.xcconfig */ = {isa = PBXFileReference; lastKnownFileType = text.xcconfig; path = "tvOS-Framework.xcconfig"; sourceTree = "<group>"; };
		5F65E2941DCF5E3400250ECA /* tvOS-StaticLibrary.xcconfig */ = {isa = PBXFileReference; lastKnownFileType = text.xcconfig; path = "tvOS-StaticLibrary.xcconfig"; sourceTree = "<group>"; };
		5F65E2961DCF5E3400250ECA /* watchOS-Application.xcconfig */ = {isa = PBXFileReference; lastKnownFileType = text.xcconfig; path = "watchOS-Application.xcconfig"; sourceTree = "<group>"; };
		5F65E2971DCF5E3400250ECA /* watchOS-Base.xcconfig */ = {isa = PBXFileReference; lastKnownFileType = text.xcconfig; path = "watchOS-Base.xcconfig"; sourceTree = "<group>"; };
		5F65E2981DCF5E3400250ECA /* watchOS-Framework.xcconfig */ = {isa = PBXFileReference; lastKnownFileType = text.xcconfig; path = "watchOS-Framework.xcconfig"; sourceTree = "<group>"; };
		5F65E2991DCF5E3400250ECA /* watchOS-StaticLibrary.xcconfig */ = {isa = PBXFileReference; lastKnownFileType = text.xcconfig; path = "watchOS-StaticLibrary.xcconfig"; sourceTree = "<group>"; };
		5F65E2C11DCF618E00250ECA /* Core.xcconfig */ = {isa = PBXFileReference; lastKnownFileType = text.xcconfig; path = Core.xcconfig; sourceTree = "<group>"; };
		5F65E2C21DCF625100250ECA /* Habit-Application.xcconfig */ = {isa = PBXFileReference; lastKnownFileType = text.xcconfig; path = "Habit-Application.xcconfig"; sourceTree = "<group>"; };
		5F695D351DBE5D9B00D71328 /* UnclutterKit.xcodeproj */ = {isa = PBXFileReference; lastKnownFileType = "wrapper.pb-project"; name = UnclutterKit.xcodeproj; path = UnclutterKit/UnclutterKit.xcodeproj; sourceTree = "<group>"; };
		5F695D411DBE726F00D71328 /* Habit.playground */ = {isa = PBXFileReference; lastKnownFileType = file.playground; path = Habit.playground; sourceTree = "<group>"; };
		5FAC3AA61DCF79F50097569F /* Authenticator.swift */ = {isa = PBXFileReference; lastKnownFileType = sourcecode.swift; path = Authenticator.swift; sourceTree = "<group>"; };
		5FAC3AA71DCF79F50097569F /* Info.plist */ = {isa = PBXFileReference; lastKnownFileType = text.plist.xml; path = Info.plist; sourceTree = "<group>"; };
		5FAC3AA91DCF79F50097569F /* Authentication.swift */ = {isa = PBXFileReference; lastKnownFileType = sourcecode.swift; path = Authentication.swift; sourceTree = "<group>"; };
		5FAC3AAA1DCF79F50097569F /* ViewControllerGraph.swift */ = {isa = PBXFileReference; lastKnownFileType = sourcecode.swift; path = ViewControllerGraph.swift; sourceTree = "<group>"; };
		5FAC3AAC1DCF79F50097569F /* AppDelegate.swift */ = {isa = PBXFileReference; lastKnownFileType = sourcecode.swift; path = AppDelegate.swift; sourceTree = "<group>"; };
		5FAC3AAD1DCF79F50097569F /* Assets.xcassets */ = {isa = PBXFileReference; lastKnownFileType = folder.assetcatalog; path = Assets.xcassets; sourceTree = "<group>"; };
		5FAC3AAF1DCF79F50097569F /* Base */ = {isa = PBXFileReference; lastKnownFileType = file.storyboard; name = Base; path = Base.lproj/LaunchScreen.storyboard; sourceTree = "<group>"; };
		5FAC3AB01DCF79F50097569F /* Habit.entitlements */ = {isa = PBXFileReference; lastKnownFileType = text.plist.entitlements; path = Habit.entitlements; sourceTree = "<group>"; };
		5FAC3AB11DCF79F50097569F /* Info.plist */ = {isa = PBXFileReference; lastKnownFileType = text.plist.xml; path = Info.plist; sourceTree = "<group>"; };
		5FAC3AEF1DCFC5E50097569F /* CoreTests.swift */ = {isa = PBXFileReference; fileEncoding = 4; lastKnownFileType = sourcecode.swift; path = CoreTests.swift; sourceTree = "<group>"; };
		5FAC3AF01DCFC5E50097569F /* Info.plist */ = {isa = PBXFileReference; fileEncoding = 4; lastKnownFileType = text.plist.xml; path = Info.plist; sourceTree = "<group>"; };
		5FAC3AF51DCFCEFE0097569F /* Habit-Test.xcconfig */ = {isa = PBXFileReference; lastKnownFileType = text.xcconfig; path = "Habit-Test.xcconfig"; sourceTree = "<group>"; };
		5FAC3AF71DCFD3470097569F /* HabitTests.swift */ = {isa = PBXFileReference; fileEncoding = 4; lastKnownFileType = sourcecode.swift; path = HabitTests.swift; sourceTree = "<group>"; };
		5FAC3AF81DCFD3470097569F /* Info.plist */ = {isa = PBXFileReference; fileEncoding = 4; lastKnownFileType = text.plist.xml; path = Info.plist; sourceTree = "<group>"; };
		5FDF5A931DC6042F00284AB2 /* Nimble.framework */ = {isa = PBXFileReference; lastKnownFileType = wrapper.framework; name = Nimble.framework; path = Carthage/Build/iOS/Nimble.framework; sourceTree = "<group>"; };
		5FDF5A941DC6042F00284AB2 /* Quick.framework */ = {isa = PBXFileReference; lastKnownFileType = wrapper.framework; name = Quick.framework; path = Carthage/Build/iOS/Quick.framework; sourceTree = "<group>"; };
/* End PBXFileReference section */

/* Begin PBXFrameworksBuildPhase section */
		5F0201A11DA4F8FB00D5C9E7 /* Frameworks */ = {
			isa = PBXFrameworksBuildPhase;
			buildActionMask = 2147483647;
			files = (
				5FAC3AB71DCF7B470097569F /* UnclutterKit.framework in Frameworks */,
				5FAC3AA21DCF79170097569F /* Core.framework in Frameworks */,
			);
			runOnlyForDeploymentPostprocessing = 0;
		};
		5F0201B51DA4F8FB00D5C9E7 /* Frameworks */ = {
			isa = PBXFrameworksBuildPhase;
			buildActionMask = 2147483647;
			files = (
			);
			runOnlyForDeploymentPostprocessing = 0;
		};
		5F24ED241DBE7667005C86FE /* Frameworks */ = {
			isa = PBXFrameworksBuildPhase;
			buildActionMask = 2147483647;
			files = (
			);
			runOnlyForDeploymentPostprocessing = 0;
		};
		5F24ED2D1DBE7667005C86FE /* Frameworks */ = {
			isa = PBXFrameworksBuildPhase;
			buildActionMask = 2147483647;
			files = (
				5FAC3ABE1DCFBF770097569F /* Core.framework in Frameworks */,
			);
			runOnlyForDeploymentPostprocessing = 0;
		};
/* End PBXFrameworksBuildPhase section */

/* Begin PBXGroup section */
		5F0201A51DA4F8FB00D5C9E7 /* Products */ = {
			isa = PBXGroup;
			children = (
				5F0201A41DA4F8FB00D5C9E7 /* Habit.app */,
				5F0201B81DA4F8FB00D5C9E7 /* HabitTests.xctest */,
				5F24ED281DBE7667005C86FE /* Core.framework */,
				5F24ED301DBE7667005C86FE /* CoreTests.xctest */,
			);
			name = Products;
			sourceTree = "<group>";
		};
		5F47D4421DBFBC0000E719F7 /* Frameworks */ = {
			isa = PBXGroup;
			children = (
				5F20B8741DCB3D7400E302DB /* CoreData.framework */,
				5FDF5A931DC6042F00284AB2 /* Nimble.framework */,
				5FDF5A941DC6042F00284AB2 /* Quick.framework */,
				5F58DA671DC0980700754D30 /* Mortar.framework */,
				5F47D4481DBFC90C00E719F7 /* ReactiveCocoa.framework */,
				5F47D4431DBFBC0000E719F7 /* ReactiveSwift.framework */,
				5F47D4441DBFBC0000E719F7 /* Result.framework */,
			);
			name = Frameworks;
			sourceTree = "<group>";
		};
		5F65E2731DCF5E3400250ECA /* Config */ = {
			isa = PBXGroup;
			children = (
				5F65E2771DCF5E3400250ECA /* xcconfigs */,
				5F65E2C21DCF625100250ECA /* Habit-Application.xcconfig */,
				5F65E2741DCF5E3400250ECA /* Habit-Common.xcconfig */,
				5F65E2751DCF5E3400250ECA /* Habit-Debug.xcconfig */,
				5F65E2C11DCF618E00250ECA /* Core.xcconfig */,
				5F65E2761DCF5E3400250ECA /* Habit-Release.xcconfig */,
				5FAC3AF51DCFCEFE0097569F /* Habit-Test.xcconfig */,
			);
			path = Config;
			sourceTree = "<group>";
		};
		5F65E2771DCF5E3400250ECA /* xcconfigs */ = {
			isa = PBXGroup;
			children = (
				5F65E2781DCF5E3400250ECA /* .gitignore */,
				5F65E2791DCF5E3400250ECA /* Base */,
				5F65E2841DCF5E3400250ECA /* iOS */,
				5F65E2891DCF5E3400250ECA /* Mac OS X */,
				5F65E28F1DCF5E3400250ECA /* README.md */,
				5F65E2901DCF5E3400250ECA /* tvOS */,
				5F65E2951DCF5E3400250ECA /* watchOS */,
			);
			path = xcconfigs;
			sourceTree = "<group>";
		};
		5F65E2791DCF5E3400250ECA /* Base */ = {
			isa = PBXGroup;
			children = (
				5F65E27A1DCF5E3400250ECA /* Common.xcconfig */,
				5F65E27B1DCF5E3400250ECA /* Configurations */,
				5F65E2801DCF5E3400250ECA /* Targets */,
			);
			path = Base;
			sourceTree = "<group>";
		};
		5F65E27B1DCF5E3400250ECA /* Configurations */ = {
			isa = PBXGroup;
			children = (
				5F65E27C1DCF5E3400250ECA /* Debug.xcconfig */,
				5F65E27D1DCF5E3400250ECA /* Profile.xcconfig */,
				5F65E27E1DCF5E3400250ECA /* Release.xcconfig */,
				5F65E27F1DCF5E3400250ECA /* Test.xcconfig */,
			);
			path = Configurations;
			sourceTree = "<group>";
		};
		5F65E2801DCF5E3400250ECA /* Targets */ = {
			isa = PBXGroup;
			children = (
				5F65E2811DCF5E3400250ECA /* Application.xcconfig */,
				5F65E2821DCF5E3400250ECA /* Framework.xcconfig */,
				5F65E2831DCF5E3400250ECA /* StaticLibrary.xcconfig */,
			);
			path = Targets;
			sourceTree = "<group>";
		};
		5F65E2841DCF5E3400250ECA /* iOS */ = {
			isa = PBXGroup;
			children = (
				5F65E2851DCF5E3400250ECA /* iOS-Application.xcconfig */,
				5F65E2861DCF5E3400250ECA /* iOS-Base.xcconfig */,
				5F65E2871DCF5E3400250ECA /* iOS-Framework.xcconfig */,
				5F65E2881DCF5E3400250ECA /* iOS-StaticLibrary.xcconfig */,
			);
			path = iOS;
			sourceTree = "<group>";
		};
		5F65E2891DCF5E3400250ECA /* Mac OS X */ = {
			isa = PBXGroup;
			children = (
				5F65E28A1DCF5E3400250ECA /* Mac-Application.xcconfig */,
				5F65E28B1DCF5E3400250ECA /* Mac-Base.xcconfig */,
				5F65E28C1DCF5E3400250ECA /* Mac-DynamicLibrary.xcconfig */,
				5F65E28D1DCF5E3400250ECA /* Mac-Framework.xcconfig */,
				5F65E28E1DCF5E3400250ECA /* Mac-StaticLibrary.xcconfig */,
			);
			path = "Mac OS X";
			sourceTree = "<group>";
		};
		5F65E2901DCF5E3400250ECA /* tvOS */ = {
			isa = PBXGroup;
			children = (
				5F65E2911DCF5E3400250ECA /* tvOS-Application.xcconfig */,
				5F65E2921DCF5E3400250ECA /* tvOS-Base.xcconfig */,
				5F65E2931DCF5E3400250ECA /* tvOS-Framework.xcconfig */,
				5F65E2941DCF5E3400250ECA /* tvOS-StaticLibrary.xcconfig */,
			);
			path = tvOS;
			sourceTree = "<group>";
		};
		5F65E2951DCF5E3400250ECA /* watchOS */ = {
			isa = PBXGroup;
			children = (
				5F65E2961DCF5E3400250ECA /* watchOS-Application.xcconfig */,
				5F65E2971DCF5E3400250ECA /* watchOS-Base.xcconfig */,
				5F65E2981DCF5E3400250ECA /* watchOS-Framework.xcconfig */,
				5F65E2991DCF5E3400250ECA /* watchOS-StaticLibrary.xcconfig */,
			);
			path = watchOS;
			sourceTree = "<group>";
		};
		5F695D361DBE5D9B00D71328 /* Products */ = {
			isa = PBXGroup;
			children = (
				5F695D3B1DBE5D9B00D71328 /* UnclutterKit.framework */,
				5F695D3D1DBE5D9B00D71328 /* .xctest */,
			);
			name = Products;
			sourceTree = "<group>";
		};
		5FAC3AA51DCF79F50097569F /* Core */ = {
			isa = PBXGroup;
			children = (
				5FAC3AA61DCF79F50097569F /* Authenticator.swift */,
				5FAC3AA71DCF79F50097569F /* Info.plist */,
				5FAC3AA81DCF79F50097569F /* Scenes */,
				5FAC3AAA1DCF79F50097569F /* ViewControllerGraph.swift */,
			);
			path = Core;
			sourceTree = "<group>";
		};
		5FAC3AA81DCF79F50097569F /* Scenes */ = {
			isa = PBXGroup;
			children = (
				5FAC3AA91DCF79F50097569F /* Authentication.swift */,
			);
			path = Scenes;
			sourceTree = "<group>";
		};
		5FAC3AAB1DCF79F50097569F /* Habit */ = {
			isa = PBXGroup;
			children = (
				5FAC3AAC1DCF79F50097569F /* AppDelegate.swift */,
				5FAC3AAD1DCF79F50097569F /* Assets.xcassets */,
				5FAC3AAE1DCF79F50097569F /* LaunchScreen.storyboard */,
				5FAC3AB01DCF79F50097569F /* Habit.entitlements */,
				5FAC3AB11DCF79F50097569F /* Info.plist */,
			);
			path = Habit;
			sourceTree = "<group>";
		};
		5FAC3AEE1DCFC5E50097569F /* CoreTests */ = {
			isa = PBXGroup;
			children = (
				5FAC3AEF1DCFC5E50097569F /* CoreTests.swift */,
				5FAC3AF01DCFC5E50097569F /* Info.plist */,
			);
			path = CoreTests;
			sourceTree = "<group>";
		};
		5FAC3AF61DCFD3470097569F /* HabitTests */ = {
			isa = PBXGroup;
			children = (
				5FAC3AF71DCFD3470097569F /* HabitTests.swift */,
				5FAC3AF81DCFD3470097569F /* Info.plist */,
			);
			path = HabitTests;
			sourceTree = "<group>";
		};
		5FF016FA1D9977B4005E7212 = {
			isa = PBXGroup;
			children = (
				5F695D411DBE726F00D71328 /* Habit.playground */,
				5F695D351DBE5D9B00D71328 /* UnclutterKit.xcodeproj */,
				5F65E2731DCF5E3400250ECA /* Config */,
				5FAC3AA51DCF79F50097569F /* Core */,
				5FAC3AEE1DCFC5E50097569F /* CoreTests */,
				5F47D4421DBFBC0000E719F7 /* Frameworks */,
				5FAC3AAB1DCF79F50097569F /* Habit */,
				5FAC3AF61DCFD3470097569F /* HabitTests */,
				5F0201A51DA4F8FB00D5C9E7 /* Products */,
			);
			sourceTree = "<group>";
		};
/* End PBXGroup section */

/* Begin PBXHeadersBuildPhase section */
		5F24ED251DBE7667005C86FE /* Headers */ = {
			isa = PBXHeadersBuildPhase;
			buildActionMask = 2147483647;
			files = (
			);
			runOnlyForDeploymentPostprocessing = 0;
		};
/* End PBXHeadersBuildPhase section */

/* Begin PBXNativeTarget section */
		5F0201A31DA4F8FB00D5C9E7 /* Habit */ = {
			isa = PBXNativeTarget;
			buildConfigurationList = 5F0201C31DA4F8FB00D5C9E7 /* Build configuration list for PBXNativeTarget "Habit" */;
			buildPhases = (
				5F0201A01DA4F8FB00D5C9E7 /* Sources */,
				5F0201A11DA4F8FB00D5C9E7 /* Frameworks */,
				5F0201A21DA4F8FB00D5C9E7 /* Resources */,
				5FAC3AA41DCF79170097569F /* Embed Frameworks */,
				5FAC3ABB1DCF7C560097569F /* Carthage */,
			);
			buildRules = (
			);
			dependencies = (
				5F20B86F1DCB3C6B00E302DB /* PBXTargetDependency */,
				5F13B4451DCF6A2A004CE38A /* PBXTargetDependency */,
				5FAC3ABA1DCF7B470097569F /* PBXTargetDependency */,
			);
			name = Habit;
			productName = Habit;
			productReference = 5F0201A41DA4F8FB00D5C9E7 /* Habit.app */;
			productType = "com.apple.product-type.application";
		};
		5F0201B71DA4F8FB00D5C9E7 /* HabitTests */ = {
			isa = PBXNativeTarget;
			buildConfigurationList = 5F0201C41DA4F8FB00D5C9E7 /* Build configuration list for PBXNativeTarget "HabitTests" */;
			buildPhases = (
				5F0201B41DA4F8FB00D5C9E7 /* Sources */,
				5F0201B51DA4F8FB00D5C9E7 /* Frameworks */,
				5F0201B61DA4F8FB00D5C9E7 /* Resources */,
			);
			buildRules = (
			);
			dependencies = (
				5F0201BA1DA4F8FB00D5C9E7 /* PBXTargetDependency */,
			);
			name = HabitTests;
			productName = HabitTests;
			productReference = 5F0201B81DA4F8FB00D5C9E7 /* HabitTests.xctest */;
			productType = "com.apple.product-type.bundle.unit-test";
		};
		5F24ED271DBE7667005C86FE /* Core */ = {
			isa = PBXNativeTarget;
			buildConfigurationList = 5F24ED3F1DBE7667005C86FE /* Build configuration list for PBXNativeTarget "Core" */;
			buildPhases = (
				5F24ED231DBE7667005C86FE /* Sources */,
				5F24ED241DBE7667005C86FE /* Frameworks */,
				5F24ED251DBE7667005C86FE /* Headers */,
				5F24ED261DBE7667005C86FE /* Resources */,
			);
			buildRules = (
			);
			dependencies = (
				5FB0DBDD1DBE94B100E5989B /* PBXTargetDependency */,
			);
			name = Core;
			productName = Habit;
			productReference = 5F24ED281DBE7667005C86FE /* Core.framework */;
			productType = "com.apple.product-type.framework";
		};
		5F24ED2F1DBE7667005C86FE /* CoreTests */ = {
			isa = PBXNativeTarget;
			buildConfigurationList = 5F24ED431DBE7667005C86FE /* Build configuration list for PBXNativeTarget "CoreTests" */;
			buildPhases = (
				5F24ED2C1DBE7667005C86FE /* Sources */,
				5F24ED2D1DBE7667005C86FE /* Frameworks */,
				5F24ED2E1DBE7667005C86FE /* Resources */,
				5FDF5A971DC6057E00284AB2 /* CopyFiles */,
			);
			buildRules = (
			);
			dependencies = (
				5F24ED331DBE7667005C86FE /* PBXTargetDependency */,
				5FAC3AF41DCFCE080097569F /* PBXTargetDependency */,
			);
			name = CoreTests;
			productName = HabitTests;
			productReference = 5F24ED301DBE7667005C86FE /* CoreTests.xctest */;
			productType = "com.apple.product-type.bundle.unit-test";
		};
/* End PBXNativeTarget section */

/* Begin PBXProject section */
		5FF016FB1D9977B4005E7212 /* Project object */ = {
			isa = PBXProject;
			attributes = {
				LastSwiftUpdateCheck = 0800;
				LastUpgradeCheck = 0810;
				TargetAttributes = {
					5F0201A31DA4F8FB00D5C9E7 = {
						CreatedOnToolsVersion = 8.0;
						DevelopmentTeam = SVLC8Q2884;
						ProvisioningStyle = Automatic;
						SystemCapabilities = {
							com.apple.BackgroundModes = {
								enabled = 0;
							};
							com.apple.Push = {
								enabled = 0;
							};
						};
					};
					5F0201B71DA4F8FB00D5C9E7 = {
						CreatedOnToolsVersion = 8.0;
						ProvisioningStyle = Automatic;
						TestTargetID = 5F0201A31DA4F8FB00D5C9E7;
					};
					5F24ED271DBE7667005C86FE = {
						CreatedOnToolsVersion = 8.0;
						DevelopmentTeam = SVLC8Q2884;
						ProvisioningStyle = Automatic;
					};
					5F24ED2F1DBE7667005C86FE = {
						CreatedOnToolsVersion = 8.0;
						DevelopmentTeam = SVLC8Q2884;
						ProvisioningStyle = Automatic;
						TestTargetID = 5F0201A31DA4F8FB00D5C9E7;
					};
				};
			};
			buildConfigurationList = 5FF016FE1D9977B4005E7212 /* Build configuration list for PBXProject "Habit-iOS" */;
			compatibilityVersion = "Xcode 3.2";
			developmentRegion = English;
			hasScannedForEncodings = 0;
			knownRegions = (
				en,
				Base,
			);
			mainGroup = 5FF016FA1D9977B4005E7212;
			productRefGroup = 5F0201A51DA4F8FB00D5C9E7 /* Products */;
			projectDirPath = "";
			projectReferences = (
				{
					ProductGroup = 5F695D361DBE5D9B00D71328 /* Products */;
					ProjectRef = 5F695D351DBE5D9B00D71328 /* UnclutterKit.xcodeproj */;
				},
			);
			projectRoot = "";
			targets = (
				5F0201A31DA4F8FB00D5C9E7 /* Habit */,
				5F0201B71DA4F8FB00D5C9E7 /* HabitTests */,
				5F24ED271DBE7667005C86FE /* Core */,
				5F24ED2F1DBE7667005C86FE /* CoreTests */,
			);
		};
/* End PBXProject section */

/* Begin PBXReferenceProxy section */
		5F695D3B1DBE5D9B00D71328 /* UnclutterKit.framework */ = {
			isa = PBXReferenceProxy;
			fileType = wrapper.framework;
			path = UnclutterKit.framework;
			remoteRef = 5F695D3A1DBE5D9B00D71328 /* PBXContainerItemProxy */;
			sourceTree = BUILT_PRODUCTS_DIR;
		};
		5F695D3D1DBE5D9B00D71328 /* .xctest */ = {
			isa = PBXReferenceProxy;
			fileType = wrapper.cfbundle;
			path = .xctest;
			remoteRef = 5F695D3C1DBE5D9B00D71328 /* PBXContainerItemProxy */;
			sourceTree = BUILT_PRODUCTS_DIR;
		};
/* End PBXReferenceProxy section */

/* Begin PBXResourcesBuildPhase section */
		5F0201A21DA4F8FB00D5C9E7 /* Resources */ = {
			isa = PBXResourcesBuildPhase;
			buildActionMask = 2147483647;
			files = (
			);
			runOnlyForDeploymentPostprocessing = 0;
		};
		5F0201B61DA4F8FB00D5C9E7 /* Resources */ = {
			isa = PBXResourcesBuildPhase;
			buildActionMask = 2147483647;
			files = (
			);
			runOnlyForDeploymentPostprocessing = 0;
		};
		5F24ED261DBE7667005C86FE /* Resources */ = {
			isa = PBXResourcesBuildPhase;
			buildActionMask = 2147483647;
			files = (
			);
			runOnlyForDeploymentPostprocessing = 0;
		};
		5F24ED2E1DBE7667005C86FE /* Resources */ = {
			isa = PBXResourcesBuildPhase;
			buildActionMask = 2147483647;
			files = (
			);
			runOnlyForDeploymentPostprocessing = 0;
		};
/* End PBXResourcesBuildPhase section */

/* Begin PBXShellScriptBuildPhase section */
		5FAC3ABB1DCF7C560097569F /* Carthage */ = {
			isa = PBXShellScriptBuildPhase;
			buildActionMask = 2147483647;
			files = (
			);
			inputPaths = (
				"$(SRCROOT)/Carthage/Build/iOS/Mortar.framework",
				"$(SRCROOT)/Carthage/Build/iOS/ReactiveCocoa.framework",
				"$(SRCROOT)/Carthage/Build/iOS/ReactiveSwift.framework",
				"$(SRCROOT)/Carthage/Build/iOS/Result.framework",
			);
			name = Carthage;
			outputPaths = (
			);
			runOnlyForDeploymentPostprocessing = 0;
			shellPath = /bin/sh;
			shellScript = "/usr/local/bin/carthage copy-frameworks";
		};
/* End PBXShellScriptBuildPhase section */

/* Begin PBXSourcesBuildPhase section */
		5F0201A01DA4F8FB00D5C9E7 /* Sources */ = {
			isa = PBXSourcesBuildPhase;
			buildActionMask = 2147483647;
			files = (
				5FAC3AB51DCF7A0A0097569F /* AppDelegate.swift in Sources */,
			);
			runOnlyForDeploymentPostprocessing = 0;
		};
		5F0201B41DA4F8FB00D5C9E7 /* Sources */ = {
			isa = PBXSourcesBuildPhase;
			buildActionMask = 2147483647;
			files = (
				5FAC3AF91DCFD3470097569F /* HabitTests.swift in Sources */,
			);
			runOnlyForDeploymentPostprocessing = 0;
		};
		5F24ED231DBE7667005C86FE /* Sources */ = {
			isa = PBXSourcesBuildPhase;
			buildActionMask = 2147483647;
			files = (
				5FAC3AB21DCF7A040097569F /* Authenticator.swift in Sources */,
				5FAC3AB31DCF7A040097569F /* Authentication.swift in Sources */,
				5FAC3AB41DCF7A040097569F /* ViewControllerGraph.swift in Sources */,
			);
			runOnlyForDeploymentPostprocessing = 0;
		};
		5F24ED2C1DBE7667005C86FE /* Sources */ = {
			isa = PBXSourcesBuildPhase;
			buildActionMask = 2147483647;
			files = (
				5FAC3AF11DCFC5E50097569F /* CoreTests.swift in Sources */,
			);
			runOnlyForDeploymentPostprocessing = 0;
		};
/* End PBXSourcesBuildPhase section */

/* Begin PBXTargetDependency section */
		5F0201BA1DA4F8FB00D5C9E7 /* PBXTargetDependency */ = {
			isa = PBXTargetDependency;
			target = 5F0201A31DA4F8FB00D5C9E7 /* Habit */;
			targetProxy = 5F0201B91DA4F8FB00D5C9E7 /* PBXContainerItemProxy */;
		};
		5F13B4451DCF6A2A004CE38A /* PBXTargetDependency */ = {
			isa = PBXTargetDependency;
			target = 5F24ED271DBE7667005C86FE /* Core */;
			targetProxy = 5F13B4441DCF6A2A004CE38A /* PBXContainerItemProxy */;
		};
		5F20B86F1DCB3C6B00E302DB /* PBXTargetDependency */ = {
			isa = PBXTargetDependency;
			name = UnclutterKit;
			targetProxy = 5F20B86E1DCB3C6B00E302DB /* PBXContainerItemProxy */;
		};
		5F24ED331DBE7667005C86FE /* PBXTargetDependency */ = {
			isa = PBXTargetDependency;
			target = 5F24ED271DBE7667005C86FE /* Core */;
			targetProxy = 5F24ED321DBE7667005C86FE /* PBXContainerItemProxy */;
		};
		5FAC3ABA1DCF7B470097569F /* PBXTargetDependency */ = {
			isa = PBXTargetDependency;
			name = UnclutterKit;
			targetProxy = 5FAC3AB91DCF7B470097569F /* PBXContainerItemProxy */;
		};
		5FAC3AF41DCFCE080097569F /* PBXTargetDependency */ = {
			isa = PBXTargetDependency;
			target = 5F0201A31DA4F8FB00D5C9E7 /* Habit */;
			targetProxy = 5FAC3AF31DCFCE080097569F /* PBXContainerItemProxy */;
		};
		5FB0DBDD1DBE94B100E5989B /* PBXTargetDependency */ = {
			isa = PBXTargetDependency;
			name = UnclutterKit;
			targetProxy = 5FB0DBDC1DBE94B100E5989B /* PBXContainerItemProxy */;
		};
/* End PBXTargetDependency section */

/* Begin PBXVariantGroup section */
		5FAC3AAE1DCF79F50097569F /* LaunchScreen.storyboard */ = {
			isa = PBXVariantGroup;
			children = (
				5FAC3AAF1DCF79F50097569F /* Base */,
			);
			name = LaunchScreen.storyboard;
			sourceTree = "<group>";
		};
/* End PBXVariantGroup section */

/* Begin XCBuildConfiguration section */
		5F0201BF1DA4F8FB00D5C9E7 /* Debug */ = {
			isa = XCBuildConfiguration;
			baseConfigurationReference = 5F65E2C21DCF625100250ECA /* Habit-Application.xcconfig */;
			buildSettings = {
				ALWAYS_EMBED_SWIFT_STANDARD_LIBRARIES = YES;
				"CODE_SIGN_IDENTITY[sdk=iphoneos*]" = "iPhone Developer";
				LD_RUNPATH_SEARCH_PATHS = "$(inherited) @executable_path/Frameworks";
			};
			name = Debug;
		};
		5F0201C01DA4F8FB00D5C9E7 /* Release */ = {
			isa = XCBuildConfiguration;
			baseConfigurationReference = 5F65E2C21DCF625100250ECA /* Habit-Application.xcconfig */;
			buildSettings = {
				ALWAYS_EMBED_SWIFT_STANDARD_LIBRARIES = YES;
				"CODE_SIGN_IDENTITY[sdk=iphoneos*]" = "iPhone Developer";
				LD_RUNPATH_SEARCH_PATHS = "$(inherited) @executable_path/Frameworks";
			};
			name = Release;
		};
		5F0201C11DA4F8FB00D5C9E7 /* Debug */ = {
			isa = XCBuildConfiguration;
			baseConfigurationReference = 5FAC3AF51DCFCEFE0097569F /* Habit-Test.xcconfig */;
			buildSettings = {
				ALWAYS_EMBED_SWIFT_STANDARD_LIBRARIES = YES;
				CLANG_WARN_SUSPICIOUS_MOVES = YES;
				CODE_SIGN_IDENTITY = "Mac Developer";
				"CODE_SIGN_IDENTITY[sdk=iphoneos*]" = "iPhone Developer";
				DEVELOPMENT_TEAM = "";
				MTL_ENABLE_DEBUG_INFO = YES;
				TEST_HOST = "$(BUILT_PRODUCTS_DIR)/Habit.app/Habit";
			};
			name = Debug;
		};
		5F0201C21DA4F8FB00D5C9E7 /* Release */ = {
			isa = XCBuildConfiguration;
			baseConfigurationReference = 5FAC3AF51DCFCEFE0097569F /* Habit-Test.xcconfig */;
			buildSettings = {
				ALWAYS_EMBED_SWIFT_STANDARD_LIBRARIES = YES;
				CLANG_WARN_SUSPICIOUS_MOVES = YES;
				CODE_SIGN_IDENTITY = "Mac Developer";
				"CODE_SIGN_IDENTITY[sdk=iphoneos*]" = "iPhone Developer";
				DEVELOPMENT_TEAM = "";
				MTL_ENABLE_DEBUG_INFO = NO;
				TEST_HOST = "$(BUILT_PRODUCTS_DIR)/Habit.app/Habit";
			};
			name = Release;
		};
		5F24ED401DBE7667005C86FE /* Debug */ = {
			isa = XCBuildConfiguration;
			baseConfigurationReference = 5F65E2C11DCF618E00250ECA /* Core.xcconfig */;
			buildSettings = {
				CLANG_WARN_SUSPICIOUS_MOVES = YES;
				MTL_ENABLE_DEBUG_INFO = YES;
				PRODUCT_NAME = Core;
				TARGETED_DEVICE_FAMILY = "1,2";
			};
			name = Debug;
		};
		5F24ED411DBE7667005C86FE /* Release */ = {
			isa = XCBuildConfiguration;
			baseConfigurationReference = 5F65E2C11DCF618E00250ECA /* Core.xcconfig */;
			buildSettings = {
				CLANG_WARN_SUSPICIOUS_MOVES = YES;
				MTL_ENABLE_DEBUG_INFO = NO;
				PRODUCT_NAME = Core;
				TARGETED_DEVICE_FAMILY = "1,2";
			};
			name = Release;
		};
		5F24ED441DBE7667005C86FE /* Debug */ = {
			isa = XCBuildConfiguration;
			baseConfigurationReference = 5FAC3AF51DCFCEFE0097569F /* Habit-Test.xcconfig */;
			buildSettings = {
				ALWAYS_EMBED_SWIFT_STANDARD_LIBRARIES = YES;
				CLANG_WARN_SUSPICIOUS_MOVES = YES;
				CODE_SIGN_IDENTITY = "Mac Developer";
				"CODE_SIGN_IDENTITY[sdk=iphoneos*]" = "iPhone Developer";
				DEVELOPMENT_TEAM = SVLC8Q2884;
				MTL_ENABLE_DEBUG_INFO = YES;
				PRODUCT_NAME = CoreTests;
				TEST_HOST = "$(BUILT_PRODUCTS_DIR)/Habit.app/Habit";
			};
			name = Debug;
		};
		5F24ED451DBE7667005C86FE /* Release */ = {
			isa = XCBuildConfiguration;
			baseConfigurationReference = 5FAC3AF51DCFCEFE0097569F /* Habit-Test.xcconfig */;
			buildSettings = {
				ALWAYS_EMBED_SWIFT_STANDARD_LIBRARIES = YES;
				CLANG_WARN_SUSPICIOUS_MOVES = YES;
				CODE_SIGN_IDENTITY = "Mac Developer";
				"CODE_SIGN_IDENTITY[sdk=iphoneos*]" = "iPhone Developer";
				DEVELOPMENT_TEAM = SVLC8Q2884;
				MTL_ENABLE_DEBUG_INFO = NO;
				PRODUCT_NAME = CoreTests;
				TEST_HOST = "$(BUILT_PRODUCTS_DIR)/Habit.app/Habit";
			};
			name = Release;
		};
		5FF016FF1D9977B4005E7212 /* Debug */ = {
			isa = XCBuildConfiguration;
			baseConfigurationReference = 5F65E2751DCF5E3400250ECA /* Habit-Debug.xcconfig */;
			buildSettings = {
				ENABLE_TESTABILITY = YES;
			};
			name = Debug;
		};
		5FF017001D9977B4005E7212 /* Release */ = {
			isa = XCBuildConfiguration;
			baseConfigurationReference = 5F65E2761DCF5E3400250ECA /* Habit-Release.xcconfig */;
			buildSettings = {
			};
			name = Release;
		};
/* End XCBuildConfiguration section */

/* Begin XCConfigurationList section */
		5F0201C31DA4F8FB00D5C9E7 /* Build configuration list for PBXNativeTarget "Habit" */ = {
			isa = XCConfigurationList;
			buildConfigurations = (
				5F0201BF1DA4F8FB00D5C9E7 /* Debug */,
				5F0201C01DA4F8FB00D5C9E7 /* Release */,
			);
			defaultConfigurationIsVisible = 0;
			defaultConfigurationName = Release;
		};
		5F0201C41DA4F8FB00D5C9E7 /* Build configuration list for PBXNativeTarget "HabitTests" */ = {
			isa = XCConfigurationList;
			buildConfigurations = (
				5F0201C11DA4F8FB00D5C9E7 /* Debug */,
				5F0201C21DA4F8FB00D5C9E7 /* Release */,
			);
			defaultConfigurationIsVisible = 0;
			defaultConfigurationName = Release;
		};
		5F24ED3F1DBE7667005C86FE /* Build configuration list for PBXNativeTarget "Core" */ = {
			isa = XCConfigurationList;
			buildConfigurations = (
				5F24ED401DBE7667005C86FE /* Debug */,
				5F24ED411DBE7667005C86FE /* Release */,
			);
			defaultConfigurationIsVisible = 0;
			defaultConfigurationName = Release;
		};
		5F24ED431DBE7667005C86FE /* Build configuration list for PBXNativeTarget "CoreTests" */ = {
			isa = XCConfigurationList;
			buildConfigurations = (
				5F24ED441DBE7667005C86FE /* Debug */,
				5F24ED451DBE7667005C86FE /* Release */,
			);
			defaultConfigurationIsVisible = 0;
			defaultConfigurationName = Release;
		};
		5FF016FE1D9977B4005E7212 /* Build configuration list for PBXProject "Habit-iOS" */ = {
			isa = XCConfigurationList;
			buildConfigurations = (
				5FF016FF1D9977B4005E7212 /* Debug */,
				5FF017001D9977B4005E7212 /* Release */,
			);
			defaultConfigurationIsVisible = 0;
			defaultConfigurationName = Release;
		};
/* End XCConfigurationList section */
	};
	rootObject = 5FF016FB1D9977B4005E7212 /* Project object */;
}
